
Microsoft Visual Studio Solution File, Format Version 12.00
# Visual Studio Version 17
VisualStudioVersion = 17.9.34728.123
MinimumVisualStudioVersion = 10.0.40219.1
Project("{9A19103F-16F7-4668-BE54-9A1E7A4F7556}") = "Demo-v1", "TranzactDemo\Demo-v1.csproj", "{32E4BD4D-ADD4-4642-BC70-92E293C8D019}"
EndProject
Project("{9A19103F-16F7-4668-BE54-9A1E7A4F7556}") = "Demo-v2", "TechDemoCSharpTranzactv2\Demo-v2.csproj", "{59094858-37EA-4802-8CEA-DC050A89EEDD}"
EndProject
Global
	GlobalSection(SolutionConfigurationPlatforms) = preSolution
		Debug|Any CPU = Debug|Any CPU
		Release|Any CPU = Release|Any CPU
	EndGlobalSection
	GlobalSection(ProjectConfigurationPlatforms) = postSolution
		{32E4BD4D-ADD4-4642-BC70-92E293C8D019}.Debug|Any CPU.ActiveCfg = Debug|Any CPU
		{32E4BD4D-ADD4-4642-BC70-92E293C8D019}.Debug|Any CPU.Build.0 = Debug|Any CPU
		{32E4BD4D-ADD4-4642-BC70-92E293C8D019}.Release|Any CPU.ActiveCfg = Release|Any CPU
		{32E4BD4D-ADD4-4642-BC70-92E293C8D019}.Release|Any CPU.Build.0 = Release|Any CPU
		{59094858-37EA-4802-8CEA-DC050A89EEDD}.Debug|Any CPU.ActiveCfg = Debug|Any CPU
		{59094858-37EA-4802-8CEA-DC050A89EEDD}.Debug|Any CPU.Build.0 = Debug|Any CPU
		{59094858-37EA-4802-8CEA-DC050A89EEDD}.Release|Any CPU.ActiveCfg = Release|Any CPU
		{59094858-37EA-4802-8CEA-DC050A89EEDD}.Release|Any CPU.Build.0 = Release|Any CPU
	EndGlobalSection
	GlobalSection(SolutionProperties) = preSolution
		HideSolutionNode = FALSE
	EndGlobalSection
	GlobalSection(ExtensibilityGlobals) = postSolution
		SolutionGuid = {5762C9F9-6A7A-43F5-BA7F-4AD72A8324C1}
	EndGlobalSection
EndGlobal
